PODS:
  - Alamofire (4.7.2)
  - Nimble (7.1.1)
  - SwiftyJSON (4.1.0)

DEPENDENCIES:
  - Alamofire (~> 4.7.2)
  - Nimble (~> 7.1.1)
  - SwiftyJSON (~> 4.1.0)

SPEC REPOS:
  https://github.com/cocoapods/specs.git:
    - Alamofire
    - Nimble
    - SwiftyJSON

SPEC CHECKSUMS:
  Alamofire: e4fa87002c137ba2d8d634d2c51fabcda0d5c223
  Nimble: 391f07782af4b37914f9bd7b2ffbb952731b8202
  SwiftyJSON: c29297daf073d2aa016295d5809cdd68045c39b3

PODFILE CHECKSUM: f43e91f577bba2f96660b28b2cdfb7cd9213ed35

COCOAPODS: 1.5.2
