PODS:
  - Alamofire (4.7.2)
  - Nimble (7.1.1)
  - SwiftyJSON (3.1.4)

DEPENDENCIES:
  - Alamofire (~> 4.7.2)
  - Nimble (~> 7.1.1)
  - SwiftyJSON (~> 3.1)

SPEC REPOS:
  https://github.com/cocoapods/specs.git:
    - Alamofire
    - Nimble
    - SwiftyJSON

SPEC CHECKSUMS:
  Alamofire: e4fa87002c137ba2d8d634d2c51fabcda0d5c223
  Nimble: 391f07782af4b37914f9bd7b2ffbb952731b8202
  SwiftyJSON: c2842d878f95482ffceec5709abc3d05680c0220

PODFILE CHECKSUM: 423b7186f58996253fe37c560d10b1e13d60fb3d

COCOAPODS: 1.6.0.beta.2
