// !$*UTF8*$!
{
	archiveVersion = 1;
	classes = {
	};
	objectVersion = 46;
	objects = {

/* Begin PBXBuildFile section */
		11A6A94F1DBE44B4003E5302 /* StravaZpot.framework in Frameworks */ = {isa = PBXBuildFile; fileRef = 11A6A9451DBE44B4003E5302 /* StravaZpot.framework */; };
		11A6A9541DBE44B4003E5302 /* StravaZpotTests.swift in Sources */ = {isa = PBXBuildFile; fileRef = 11A6A9531DBE44B4003E5302 /* StravaZpotTests.swift */; };
		11A6A9561DBE44B4003E5302 /* StravaZpot.h in Headers */ = {isa = PBXBuildFile; fileRef = 11A6A9481DBE44B4003E5302 /* StravaZpot.h */; settings = {ATTRIBUTES = (Public, ); }; };
		11A6A9611DBE49CF003E5302 /* ResourceState.swift in Sources */ = {isa = PBXBuildFile; fileRef = 11A6A9601DBE49CF003E5302 /* ResourceState.swift */; };
		11A6A9631DBE4B2D003E5302 /* Distance.swift in Sources */ = {isa = PBXBuildFile; fileRef = 11A6A9621DBE4B2D003E5302 /* Distance.swift */; };
		11A6A9651DBE4BDC003E5302 /* Coordinates.swift in Sources */ = {isa = PBXBuildFile; fileRef = 11A6A9641DBE4BDC003E5302 /* Coordinates.swift */; };
		11A6A9671DBE4E64003E5302 /* Gender.swift in Sources */ = {isa = PBXBuildFile; fileRef = 11A6A9661DBE4E64003E5302 /* Gender.swift */; };
		11A6A9691DBE4ECA003E5302 /* Interval.swift in Sources */ = {isa = PBXBuildFile; fileRef = 11A6A9681DBE4ECA003E5302 /* Interval.swift */; };
		11A6A96B1DBE4FBF003E5302 /* Percentage.swift in Sources */ = {isa = PBXBuildFile; fileRef = 11A6A96A1DBE4FBF003E5302 /* Percentage.swift */; };
		11A6A96D1DBE506C003E5302 /* Speed.swift in Sources */ = {isa = PBXBuildFile; fileRef = 11A6A96C1DBE506C003E5302 /* Speed.swift */; };
		11A6A96F1DBE50E2003E5302 /* Temperature.swift in Sources */ = {isa = PBXBuildFile; fileRef = 11A6A96E1DBE50E2003E5302 /* Temperature.swift */; };
		11A6A9711DBE5164003E5302 /* Time.swift in Sources */ = {isa = PBXBuildFile; fileRef = 11A6A9701DBE5164003E5302 /* Time.swift */; };
		11A6A9731DBE51C9003E5302 /* TimedInterval.swift in Sources */ = {isa = PBXBuildFile; fileRef = 11A6A9721DBE51C9003E5302 /* TimedInterval.swift */; };
		11A6A9751DBE52B1003E5302 /* FrameType.swift in Sources */ = {isa = PBXBuildFile; fileRef = 11A6A9741DBE52B1003E5302 /* FrameType.swift */; };
		11A6A9771DBE532E003E5302 /* Gear.swift in Sources */ = {isa = PBXBuildFile; fileRef = 11A6A9761DBE532E003E5302 /* Gear.swift */; };
		11A6A9791DBE56E0003E5302 /* Map.swift in Sources */ = {isa = PBXBuildFile; fileRef = 11A6A9781DBE56E0003E5302 /* Map.swift */; };
		6C3EE5599AFD56DFD0A066B1 /* Pods_StravaZpotTests.framework in Frameworks */ = {isa = PBXBuildFile; fileRef = 8DA106253ED279DBBFB7F6E0 /* Pods_StravaZpotTests.framework */; };
		792EA349B3B257ED4E8E312E /* Pods_StravaZpot.framework in Frameworks */ = {isa = PBXBuildFile; fileRef = 7EC12BD62F199784EA34EF12 /* Pods_StravaZpot.framework */; };
/* End PBXBuildFile section */

/* Begin PBXContainerItemProxy section */
		11A6A9501DBE44B4003E5302 /* PBXContainerItemProxy */ = {
			isa = PBXContainerItemProxy;
			containerPortal = 11A6A93C1DBE44B4003E5302 /* Project object */;
			proxyType = 1;
			remoteGlobalIDString = 11A6A9441DBE44B4003E5302;
			remoteInfo = StravaZpot;
		};
/* End PBXContainerItemProxy section */

/* Begin PBXFileReference section */
		0A4E0119DD969793BE9DE80D /* Pods-StravaZpotTests.release.xcconfig */ = {isa = PBXFileReference; includeInIndex = 1; lastKnownFileType = text.xcconfig; name = "Pods-StravaZpotTests.release.xcconfig"; path = "Pods/Target Support Files/Pods-StravaZpotTests/Pods-StravaZpotTests.release.xcconfig"; sourceTree = "<group>"; };
		11A6A9451DBE44B4003E5302 /* StravaZpot.framework */ = {isa = PBXFileReference; explicitFileType = wrapper.framework; includeInIndex = 0; path = StravaZpot.framework; sourceTree = BUILT_PRODUCTS_DIR; };
		11A6A9481DBE44B4003E5302 /* StravaZpot.h */ = {isa = PBXFileReference; lastKnownFileType = sourcecode.c.h; path = StravaZpot.h; sourceTree = "<group>"; };
		11A6A9491DBE44B4003E5302 /* Info.plist */ = {isa = PBXFileReference; lastKnownFileType = text.plist.xml; path = Info.plist; sourceTree = "<group>"; };
		11A6A94E1DBE44B4003E5302 /* StravaZpotTests.xctest */ = {isa = PBXFileReference; explicitFileType = wrapper.cfbundle; includeInIndex = 0; path = StravaZpotTests.xctest; sourceTree = BUILT_PRODUCTS_DIR; };
		11A6A9531DBE44B4003E5302 /* StravaZpotTests.swift */ = {isa = PBXFileReference; lastKnownFileType = sourcecode.swift; path = StravaZpotTests.swift; sourceTree = "<group>"; };
		11A6A9551DBE44B4003E5302 /* Info.plist */ = {isa = PBXFileReference; lastKnownFileType = text.plist.xml; path = Info.plist; sourceTree = "<group>"; };
		11A6A9601DBE49CF003E5302 /* ResourceState.swift */ = {isa = PBXFileReference; fileEncoding = 4; lastKnownFileType = sourcecode.swift; path = ResourceState.swift; sourceTree = "<group>"; };
		11A6A9621DBE4B2D003E5302 /* Distance.swift */ = {isa = PBXFileReference; fileEncoding = 4; lastKnownFileType = sourcecode.swift; path = Distance.swift; sourceTree = "<group>"; };
		11A6A9641DBE4BDC003E5302 /* Coordinates.swift */ = {isa = PBXFileReference; fileEncoding = 4; lastKnownFileType = sourcecode.swift; path = Coordinates.swift; sourceTree = "<group>"; };
		11A6A9661DBE4E64003E5302 /* Gender.swift */ = {isa = PBXFileReference; fileEncoding = 4; lastKnownFileType = sourcecode.swift; path = Gender.swift; sourceTree = "<group>"; };
		11A6A9681DBE4ECA003E5302 /* Interval.swift */ = {isa = PBXFileReference; fileEncoding = 4; lastKnownFileType = sourcecode.swift; path = Interval.swift; sourceTree = "<group>"; };
		11A6A96A1DBE4FBF003E5302 /* Percentage.swift */ = {isa = PBXFileReference; fileEncoding = 4; lastKnownFileType = sourcecode.swift; path = Percentage.swift; sourceTree = "<group>"; };
		11A6A96C1DBE506C003E5302 /* Speed.swift */ = {isa = PBXFileReference; fileEncoding = 4; lastKnownFileType = sourcecode.swift; path = Speed.swift; sourceTree = "<group>"; };
		11A6A96E1DBE50E2003E5302 /* Temperature.swift */ = {isa = PBXFileReference; fileEncoding = 4; lastKnownFileType = sourcecode.swift; path = Temperature.swift; sourceTree = "<group>"; };
		11A6A9701DBE5164003E5302 /* Time.swift */ = {isa = PBXFileReference; fileEncoding = 4; lastKnownFileType = sourcecode.swift; path = Time.swift; sourceTree = "<group>"; };
		11A6A9721DBE51C9003E5302 /* TimedInterval.swift */ = {isa = PBXFileReference; fileEncoding = 4; lastKnownFileType = sourcecode.swift; path = TimedInterval.swift; sourceTree = "<group>"; };
		11A6A9741DBE52B1003E5302 /* FrameType.swift */ = {isa = PBXFileReference; fileEncoding = 4; lastKnownFileType = sourcecode.swift; path = FrameType.swift; sourceTree = "<group>"; };
		11A6A9761DBE532E003E5302 /* Gear.swift */ = {isa = PBXFileReference; fileEncoding = 4; lastKnownFileType = sourcecode.swift; path = Gear.swift; sourceTree = "<group>"; };
		11A6A9781DBE56E0003E5302 /* Map.swift */ = {isa = PBXFileReference; fileEncoding = 4; lastKnownFileType = sourcecode.swift; path = Map.swift; sourceTree = "<group>"; };
		25708C10B554E9B92621AE13 /* Pods-StravaZpot.release.xcconfig */ = {isa = PBXFileReference; includeInIndex = 1; lastKnownFileType = text.xcconfig; name = "Pods-StravaZpot.release.xcconfig"; path = "Pods/Target Support Files/Pods-StravaZpot/Pods-StravaZpot.release.xcconfig"; sourceTree = "<group>"; };
		7EC12BD62F199784EA34EF12 /* Pods_StravaZpot.framework */ = {isa = PBXFileReference; explicitFileType = wrapper.framework; includeInIndex = 0; path = Pods_StravaZpot.framework; sourceTree = BUILT_PRODUCTS_DIR; };
		8CEE79AE5327C9C1DDB1C0E2 /* Pods-StravaZpotTests.debug.xcconfig */ = {isa = PBXFileReference; includeInIndex = 1; lastKnownFileType = text.xcconfig; name = "Pods-StravaZpotTests.debug.xcconfig"; path = "Pods/Target Support Files/Pods-StravaZpotTests/Pods-StravaZpotTests.debug.xcconfig"; sourceTree = "<group>"; };
		8DA106253ED279DBBFB7F6E0 /* Pods_StravaZpotTests.framework */ = {isa = PBXFileReference; explicitFileType = wrapper.framework; includeInIndex = 0; path = Pods_StravaZpotTests.framework; sourceTree = BUILT_PRODUCTS_DIR; };
		B28A7DB7276E1105E60C91B2 /* Pods-StravaZpot.debug.xcconfig */ = {isa = PBXFileReference; includeInIndex = 1; lastKnownFileType = text.xcconfig; name = "Pods-StravaZpot.debug.xcconfig"; path = "Pods/Target Support Files/Pods-StravaZpot/Pods-StravaZpot.debug.xcconfig"; sourceTree = "<group>"; };
/* End PBXFileReference section */

/* Begin PBXFrameworksBuildPhase section */
		11A6A9411DBE44B4003E5302 /* Frameworks */ = {
			isa = PBXFrameworksBuildPhase;
			buildActionMask = 2147483647;
			files = (
				792EA349B3B257ED4E8E312E /* Pods_StravaZpot.framework in Frameworks */,
			);
			runOnlyForDeploymentPostprocessing = 0;
		};
		11A6A94B1DBE44B4003E5302 /* Frameworks */ = {
			isa = PBXFrameworksBuildPhase;
			buildActionMask = 2147483647;
			files = (
				11A6A94F1DBE44B4003E5302 /* StravaZpot.framework in Frameworks */,
				6C3EE5599AFD56DFD0A066B1 /* Pods_StravaZpotTests.framework in Frameworks */,
			);
			runOnlyForDeploymentPostprocessing = 0;
		};
/* End PBXFrameworksBuildPhase section */

/* Begin PBXGroup section */
		11A6A93B1DBE44B4003E5302 = {
			isa = PBXGroup;
			children = (
				11A6A9471DBE44B4003E5302 /* StravaZpot */,
				11A6A9521DBE44B4003E5302 /* StravaZpotTests */,
				11A6A9461DBE44B4003E5302 /* Products */,
				4838C7ABD2BE4DD73FC9E102 /* Pods */,
				4F71574CA2855193987F6AF5 /* Frameworks */,
			);
			sourceTree = "<group>";
		};
		11A6A9461DBE44B4003E5302 /* Products */ = {
			isa = PBXGroup;
			children = (
				11A6A9451DBE44B4003E5302 /* StravaZpot.framework */,
				11A6A94E1DBE44B4003E5302 /* StravaZpotTests.xctest */,
			);
			name = Products;
			sourceTree = "<group>";
		};
		11A6A9471DBE44B4003E5302 /* StravaZpot */ = {
			isa = PBXGroup;
			children = (
				11A6A95F1DBE49AE003E5302 /* Model */,
				11A6A9481DBE44B4003E5302 /* StravaZpot.h */,
				11A6A9491DBE44B4003E5302 /* Info.plist */,
			);
			path = StravaZpot;
			sourceTree = "<group>";
		};
		11A6A9521DBE44B4003E5302 /* StravaZpotTests */ = {
			isa = PBXGroup;
			children = (
				11A6A9531DBE44B4003E5302 /* StravaZpotTests.swift */,
				11A6A9551DBE44B4003E5302 /* Info.plist */,
			);
			path = StravaZpotTests;
			sourceTree = "<group>";
		};
		11A6A95F1DBE49AE003E5302 /* Model */ = {
			isa = PBXGroup;
			children = (
				11A6A9601DBE49CF003E5302 /* ResourceState.swift */,
				11A6A9621DBE4B2D003E5302 /* Distance.swift */,
				11A6A9641DBE4BDC003E5302 /* Coordinates.swift */,
				11A6A9661DBE4E64003E5302 /* Gender.swift */,
				11A6A9681DBE4ECA003E5302 /* Interval.swift */,
				11A6A96A1DBE4FBF003E5302 /* Percentage.swift */,
				11A6A96C1DBE506C003E5302 /* Speed.swift */,
				11A6A96E1DBE50E2003E5302 /* Temperature.swift */,
				11A6A9701DBE5164003E5302 /* Time.swift */,
				11A6A9721DBE51C9003E5302 /* TimedInterval.swift */,
				11A6A9741DBE52B1003E5302 /* FrameType.swift */,
				11A6A9761DBE532E003E5302 /* Gear.swift */,
				11A6A9781DBE56E0003E5302 /* Map.swift */,
			);
			name = Model;
			sourceTree = "<group>";
		};
		4838C7ABD2BE4DD73FC9E102 /* Pods */ = {
			isa = PBXGroup;
			children = (
				B28A7DB7276E1105E60C91B2 /* Pods-StravaZpot.debug.xcconfig */,
				25708C10B554E9B92621AE13 /* Pods-StravaZpot.release.xcconfig */,
				8CEE79AE5327C9C1DDB1C0E2 /* Pods-StravaZpotTests.debug.xcconfig */,
				0A4E0119DD969793BE9DE80D /* Pods-StravaZpotTests.release.xcconfig */,
			);
			name = Pods;
			sourceTree = "<group>";
		};
		4F71574CA2855193987F6AF5 /* Frameworks */ = {
			isa = PBXGroup;
			children = (
				7EC12BD62F199784EA34EF12 /* Pods_StravaZpot.framework */,
				8DA106253ED279DBBFB7F6E0 /* Pods_StravaZpotTests.framework */,
			);
			name = Frameworks;
			sourceTree = "<group>";
		};
/* End PBXGroup section */

/* Begin PBXHeadersBuildPhase section */
		11A6A9421DBE44B4003E5302 /* Headers */ = {
			isa = PBXHeadersBuildPhase;
			buildActionMask = 2147483647;
			files = (
				11A6A9561DBE44B4003E5302 /* StravaZpot.h in Headers */,
			);
			runOnlyForDeploymentPostprocessing = 0;
		};
/* End PBXHeadersBuildPhase section */

/* Begin PBXNativeTarget section */
		11A6A9441DBE44B4003E5302 /* StravaZpot */ = {
			isa = PBXNativeTarget;
			buildConfigurationList = 11A6A9591DBE44B4003E5302 /* Build configuration list for PBXNativeTarget "StravaZpot" */;
			buildPhases = (
				54931040D481D10D0A342491 /* [CP] Check Pods Manifest.lock */,
				11A6A9401DBE44B4003E5302 /* Sources */,
				11A6A9411DBE44B4003E5302 /* Frameworks */,
				11A6A9421DBE44B4003E5302 /* Headers */,
				11A6A9431DBE44B4003E5302 /* Resources */,
				8B502F44F8417B0BD0AB0D4A /* [CP] Copy Pods Resources */,
			);
			buildRules = (
			);
			dependencies = (
			);
			name = StravaZpot;
			productName = StravaZpot;
			productReference = 11A6A9451DBE44B4003E5302 /* StravaZpot.framework */;
			productType = "com.apple.product-type.framework";
		};
		11A6A94D1DBE44B4003E5302 /* StravaZpotTests */ = {
			isa = PBXNativeTarget;
			buildConfigurationList = 11A6A95C1DBE44B4003E5302 /* Build configuration list for PBXNativeTarget "StravaZpotTests" */;
			buildPhases = (
				5F691F395CE5F9B5C1390CDD /* [CP] Check Pods Manifest.lock */,
				11A6A94A1DBE44B4003E5302 /* Sources */,
				11A6A94B1DBE44B4003E5302 /* Frameworks */,
				11A6A94C1DBE44B4003E5302 /* Resources */,
				C97603E59320671125CA4A8C /* [CP] Embed Pods Frameworks */,
				0ED6EF5F33CF50E47C39B47D /* [CP] Copy Pods Resources */,
			);
			buildRules = (
			);
			dependencies = (
				11A6A9511DBE44B4003E5302 /* PBXTargetDependency */,
			);
			name = StravaZpotTests;
			productName = StravaZpotTests;
			productReference = 11A6A94E1DBE44B4003E5302 /* StravaZpotTests.xctest */;
			productType = "com.apple.product-type.bundle.unit-test";
		};
/* End PBXNativeTarget section */

/* Begin PBXProject section */
		11A6A93C1DBE44B4003E5302 /* Project object */ = {
			isa = PBXProject;
			attributes = {
				LastSwiftUpdateCheck = 0800;
				LastUpgradeCheck = 0800;
				ORGANIZATIONNAME = "SweetZpot AS";
				TargetAttributes = {
					11A6A9441DBE44B4003E5302 = {
						CreatedOnToolsVersion = 8.0;
						DevelopmentTeam = L7RXC8SZH2;
						LastSwiftMigration = 0800;
						ProvisioningStyle = Automatic;
					};
					11A6A94D1DBE44B4003E5302 = {
						CreatedOnToolsVersion = 8.0;
						DevelopmentTeam = L7RXC8SZH2;
						ProvisioningStyle = Automatic;
					};
				};
			};
			buildConfigurationList = 11A6A93F1DBE44B4003E5302 /* Build configuration list for PBXProject "StravaZpot" */;
			compatibilityVersion = "Xcode 3.2";
			developmentRegion = English;
			hasScannedForEncodings = 0;
			knownRegions = (
				en,
			);
			mainGroup = 11A6A93B1DBE44B4003E5302;
			productRefGroup = 11A6A9461DBE44B4003E5302 /* Products */;
			projectDirPath = "";
			projectRoot = "";
			targets = (
				11A6A9441DBE44B4003E5302 /* StravaZpot */,
				11A6A94D1DBE44B4003E5302 /* StravaZpotTests */,
			);
		};
/* End PBXProject section */

/* Begin PBXResourcesBuildPhase section */
		11A6A9431DBE44B4003E5302 /* Resources */ = {
			isa = PBXResourcesBuildPhase;
			buildActionMask = 2147483647;
			files = (
			);
			runOnlyForDeploymentPostprocessing = 0;
		};
		11A6A94C1DBE44B4003E5302 /* Resources */ = {
			isa = PBXResourcesBuildPhase;
			buildActionMask = 2147483647;
			files = (
			);
			runOnlyForDeploymentPostprocessing = 0;
		};
/* End PBXResourcesBuildPhase section */

/* Begin PBXShellScriptBuildPhase section */
		0ED6EF5F33CF50E47C39B47D /* [CP] Copy Pods Resources */ = {
			isa = PBXShellScriptBuildPhase;
			buildActionMask = 2147483647;
			files = (
			);
			inputPaths = (
			);
			name = "[CP] Copy Pods Resources";
			outputPaths = (
			);
			runOnlyForDeploymentPostprocessing = 0;
			shellPath = /bin/sh;
			shellScript = "\"${SRCROOT}/Pods/Target Support Files/Pods-StravaZpotTests/Pods-StravaZpotTests-resources.sh\"\n";
			showEnvVarsInLog = 0;
		};
		54931040D481D10D0A342491 /* [CP] Check Pods Manifest.lock */ = {
			isa = PBXShellScriptBuildPhase;
			buildActionMask = 2147483647;
			files = (
			);
			inputPaths = (
			);
			name = "[CP] Check Pods Manifest.lock";
			outputPaths = (
			);
			runOnlyForDeploymentPostprocessing = 0;
			shellPath = /bin/sh;
			shellScript = "diff \"${PODS_ROOT}/../Podfile.lock\" \"${PODS_ROOT}/Manifest.lock\" > /dev/null\nif [ $? != 0 ] ; then\n    # print error to STDERR\n    echo \"error: The sandbox is not in sync with the Podfile.lock. Run 'pod install' or update your CocoaPods installation.\" >&2\n    exit 1\nfi\n";
			showEnvVarsInLog = 0;
		};
		5F691F395CE5F9B5C1390CDD /* [CP] Check Pods Manifest.lock */ = {
			isa = PBXShellScriptBuildPhase;
			buildActionMask = 2147483647;
			files = (
			);
			inputPaths = (
			);
			name = "[CP] Check Pods Manifest.lock";
			outputPaths = (
			);
			runOnlyForDeploymentPostprocessing = 0;
			shellPath = /bin/sh;
			shellScript = "diff \"${PODS_ROOT}/../Podfile.lock\" \"${PODS_ROOT}/Manifest.lock\" > /dev/null\nif [ $? != 0 ] ; then\n    # print error to STDERR\n    echo \"error: The sandbox is not in sync with the Podfile.lock. Run 'pod install' or update your CocoaPods installation.\" >&2\n    exit 1\nfi\n";
			showEnvVarsInLog = 0;
		};
		8B502F44F8417B0BD0AB0D4A /* [CP] Copy Pods Resources */ = {
			isa = PBXShellScriptBuildPhase;
			buildActionMask = 2147483647;
			files = (
			);
			inputPaths = (
			);
			name = "[CP] Copy Pods Resources";
			outputPaths = (
			);
			runOnlyForDeploymentPostprocessing = 0;
			shellPath = /bin/sh;
			shellScript = "\"${SRCROOT}/Pods/Target Support Files/Pods-StravaZpot/Pods-StravaZpot-resources.sh\"\n";
			showEnvVarsInLog = 0;
		};
		C97603E59320671125CA4A8C /* [CP] Embed Pods Frameworks */ = {
			isa = PBXShellScriptBuildPhase;
			buildActionMask = 2147483647;
			files = (
			);
			inputPaths = (
			);
			name = "[CP] Embed Pods Frameworks";
			outputPaths = (
			);
			runOnlyForDeploymentPostprocessing = 0;
			shellPath = /bin/sh;
			shellScript = "\"${SRCROOT}/Pods/Target Support Files/Pods-StravaZpotTests/Pods-StravaZpotTests-frameworks.sh\"\n";
			showEnvVarsInLog = 0;
		};
/* End PBXShellScriptBuildPhase section */

/* Begin PBXSourcesBuildPhase section */
		11A6A9401DBE44B4003E5302 /* Sources */ = {
			isa = PBXSourcesBuildPhase;
			buildActionMask = 2147483647;
			files = (
				11A6A9691DBE4ECA003E5302 /* Interval.swift in Sources */,
				11A6A9671DBE4E64003E5302 /* Gender.swift in Sources */,
				11A6A9791DBE56E0003E5302 /* Map.swift in Sources */,
				11A6A96F1DBE50E2003E5302 /* Temperature.swift in Sources */,
				11A6A9651DBE4BDC003E5302 /* Coordinates.swift in Sources */,
				11A6A9751DBE52B1003E5302 /* FrameType.swift in Sources */,
				11A6A9731DBE51C9003E5302 /* TimedInterval.swift in Sources */,
				11A6A9631DBE4B2D003E5302 /* Distance.swift in Sources */,
				11A6A96D1DBE506C003E5302 /* Speed.swift in Sources */,
				11A6A9771DBE532E003E5302 /* Gear.swift in Sources */,
				11A6A9711DBE5164003E5302 /* Time.swift in Sources */,
				11A6A9611DBE49CF003E5302 /* ResourceState.swift in Sources */,
				11A6A96B1DBE4FBF003E5302 /* Percentage.swift in Sources */,
			);
			runOnlyForDeploymentPostprocessing = 0;
		};
		11A6A94A1DBE44B4003E5302 /* Sources */ = {
			isa = PBXSourcesBuildPhase;
			buildActionMask = 2147483647;
			files = (
				11A6A9541DBE44B4003E5302 /* StravaZpotTests.swift in Sources */,
			);
			runOnlyForDeploymentPostprocessing = 0;
		};
/* End PBXSourcesBuildPhase section */

/* Begin PBXTargetDependency section */
		11A6A9511DBE44B4003E5302 /* PBXTargetDependency */ = {
			isa = PBXTargetDependency;
			target = 11A6A9441DBE44B4003E5302 /* StravaZpot */;
			targetProxy = 11A6A9501DBE44B4003E5302 /* PBXContainerItemProxy */;
		};
/* End PBXTargetDependency section */

/* Begin XCBuildConfiguration section */
		11A6A9571DBE44B4003E5302 /* Debug */ = {
			isa = XCBuildConfiguration;
			buildSettings = {
				ALWAYS_SEARCH_USER_PATHS = NO;
				CLANG_ANALYZER_NONNULL = YES;
				CLANG_CXX_LANGUAGE_STANDARD = "gnu++0x";
				CLANG_CXX_LIBRARY = "libc++";
				CLANG_ENABLE_MODULES = YES;
				CLANG_ENABLE_OBJC_ARC = YES;
				CLANG_WARN_BOOL_CONVERSION = YES;
				CLANG_WARN_CONSTANT_CONVERSION = YES;
				CLANG_WARN_DIRECT_OBJC_ISA_USAGE = YES_ERROR;
				CLANG_WARN_DOCUMENTATION_COMMENTS = YES;
				CLANG_WARN_EMPTY_BODY = YES;
				CLANG_WARN_ENUM_CONVERSION = YES;
				CLANG_WARN_INFINITE_RECURSION = YES;
				CLANG_WARN_INT_CONVERSION = YES;
				CLANG_WARN_OBJC_ROOT_CLASS = YES_ERROR;
				CLANG_WARN_SUSPICIOUS_MOVES = YES;
				CLANG_WARN_UNREACHABLE_CODE = YES;
				CLANG_WARN__DUPLICATE_METHOD_MATCH = YES;
				"CODE_SIGN_IDENTITY[sdk=iphoneos*]" = "iPhone Developer";
				COPY_PHASE_STRIP = NO;
				CURRENT_PROJECT_VERSION = 1;
				DEBUG_INFORMATION_FORMAT = dwarf;
				ENABLE_STRICT_OBJC_MSGSEND = YES;
				ENABLE_TESTABILITY = YES;
				GCC_C_LANGUAGE_STANDARD = gnu99;
				GCC_DYNAMIC_NO_PIC = NO;
				GCC_NO_COMMON_BLOCKS = YES;
				GCC_OPTIMIZATION_LEVEL = 0;
				GCC_PREPROCESSOR_DEFINITIONS = (
					"DEBUG=1",
					"$(inherited)",
				);
				GCC_WARN_64_TO_32_BIT_CONVERSION = YES;
				GCC_WARN_ABOUT_RETURN_TYPE = YES_ERROR;
				GCC_WARN_UNDECLARED_SELECTOR = YES;
				GCC_WARN_UNINITIALIZED_AUTOS = YES_AGGRESSIVE;
				GCC_WARN_UNUSED_FUNCTION = YES;
				GCC_WARN_UNUSED_VARIABLE = YES;
				IPHONEOS_DEPLOYMENT_TARGET = 10.0;
				MTL_ENABLE_DEBUG_INFO = YES;
				ONLY_ACTIVE_ARCH = YES;
				SDKROOT = iphoneos;
				SWIFT_ACTIVE_COMPILATION_CONDITIONS = DEBUG;
				SWIFT_OPTIMIZATION_LEVEL = "-Onone";
				TARGETED_DEVICE_FAMILY = "1,2";
				VERSIONING_SYSTEM = "apple-generic";
				VERSION_INFO_PREFIX = "";
			};
			name = Debug;
		};
		11A6A9581DBE44B4003E5302 /* Release */ = {
			isa = XCBuildConfiguration;
			buildSettings = {
				ALWAYS_SEARCH_USER_PATHS = NO;
				CLANG_ANALYZER_NONNULL = YES;
				CLANG_CXX_LANGUAGE_STANDARD = "gnu++0x";
				CLANG_CXX_LIBRARY = "libc++";
				CLANG_ENABLE_MODULES = YES;
				CLANG_ENABLE_OBJC_ARC = YES;
				CLANG_WARN_BOOL_CONVERSION = YES;
				CLANG_WARN_CONSTANT_CONVERSION = YES;
				CLANG_WARN_DIRECT_OBJC_ISA_USAGE = YES_ERROR;
				CLANG_WARN_DOCUMENTATION_COMMENTS = YES;
				CLANG_WARN_EMPTY_BODY = YES;
				CLANG_WARN_ENUM_CONVERSION = YES;
				CLANG_WARN_INFINITE_RECURSION = YES;
				CLANG_WARN_INT_CONVERSION = YES;
				CLANG_WARN_OBJC_ROOT_CLASS = YES_ERROR;
				CLANG_WARN_SUSPICIOUS_MOVES = YES;
				CLANG_WARN_UNREACHABLE_CODE = YES;
				CLANG_WARN__DUPLICATE_METHOD_MATCH = YES;
				"CODE_SIGN_IDENTITY[sdk=iphoneos*]" = "iPhone Developer";
				COPY_PHASE_STRIP = NO;
				CURRENT_PROJECT_VERSION = 1;
				DEBUG_INFORMATION_FORMAT = "dwarf-with-dsym";
				ENABLE_NS_ASSERTIONS = NO;
				ENABLE_STRICT_OBJC_MSGSEND = YES;
				GCC_C_LANGUAGE_STANDARD = gnu99;
				GCC_NO_COMMON_BLOCKS = YES;
				GCC_WARN_64_TO_32_BIT_CONVERSION = YES;
				GCC_WARN_ABOUT_RETURN_TYPE = YES_ERROR;
				GCC_WARN_UNDECLARED_SELECTOR = YES;
				GCC_WARN_UNINITIALIZED_AUTOS = YES_AGGRESSIVE;
				GCC_WARN_UNUSED_FUNCTION = YES;
				GCC_WARN_UNUSED_VARIABLE = YES;
				IPHONEOS_DEPLOYMENT_TARGET = 10.0;
				MTL_ENABLE_DEBUG_INFO = NO;
				SDKROOT = iphoneos;
				SWIFT_OPTIMIZATION_LEVEL = "-Owholemodule";
				TARGETED_DEVICE_FAMILY = "1,2";
				VALIDATE_PRODUCT = YES;
				VERSIONING_SYSTEM = "apple-generic";
				VERSION_INFO_PREFIX = "";
			};
			name = Release;
		};
		11A6A95A1DBE44B4003E5302 /* Debug */ = {
			isa = XCBuildConfiguration;
			baseConfigurationReference = B28A7DB7276E1105E60C91B2 /* Pods-StravaZpot.debug.xcconfig */;
			buildSettings = {
				CLANG_ENABLE_MODULES = YES;
				CODE_SIGN_IDENTITY = "";
				DEFINES_MODULE = YES;
				DEVELOPMENT_TEAM = L7RXC8SZH2;
				DYLIB_COMPATIBILITY_VERSION = 1;
				DYLIB_CURRENT_VERSION = 1;
				DYLIB_INSTALL_NAME_BASE = "@rpath";
				INFOPLIST_FILE = StravaZpot/Info.plist;
				INSTALL_PATH = "$(LOCAL_LIBRARY_DIR)/Frameworks";
				IPHONEOS_DEPLOYMENT_TARGET = 9.3;
				LD_RUNPATH_SEARCH_PATHS = "$(inherited) @executable_path/Frameworks @loader_path/Frameworks";
				PRODUCT_BUNDLE_IDENTIFIER = com.sweetzpot.StravaZpot;
				PRODUCT_NAME = "$(TARGET_NAME)";
				SKIP_INSTALL = YES;
				SWIFT_OPTIMIZATION_LEVEL = "-Onone";
				SWIFT_VERSION = 3.0;
			};
			name = Debug;
		};
		11A6A95B1DBE44B4003E5302 /* Release */ = {
			isa = XCBuildConfiguration;
			baseConfigurationReference = 25708C10B554E9B92621AE13 /* Pods-StravaZpot.release.xcconfig */;
			buildSettings = {
				CLANG_ENABLE_MODULES = YES;
				CODE_SIGN_IDENTITY = "";
				DEFINES_MODULE = YES;
				DEVELOPMENT_TEAM = L7RXC8SZH2;
				DYLIB_COMPATIBILITY_VERSION = 1;
				DYLIB_CURRENT_VERSION = 1;
				DYLIB_INSTALL_NAME_BASE = "@rpath";
				INFOPLIST_FILE = StravaZpot/Info.plist;
				INSTALL_PATH = "$(LOCAL_LIBRARY_DIR)/Frameworks";
				IPHONEOS_DEPLOYMENT_TARGET = 9.3;
				LD_RUNPATH_SEARCH_PATHS = "$(inherited) @executable_path/Frameworks @loader_path/Frameworks";
				PRODUCT_BUNDLE_IDENTIFIER = com.sweetzpot.StravaZpot;
				PRODUCT_NAME = "$(TARGET_NAME)";
				SKIP_INSTALL = YES;
				SWIFT_VERSION = 3.0;
			};
			name = Release;
		};
		11A6A95D1DBE44B4003E5302 /* Debug */ = {
			isa = XCBuildConfiguration;
			baseConfigurationReference = 8CEE79AE5327C9C1DDB1C0E2 /* Pods-StravaZpotTests.debug.xcconfig */;
			buildSettings = {
				ALWAYS_EMBED_SWIFT_STANDARD_LIBRARIES = YES;
				DEVELOPMENT_TEAM = L7RXC8SZH2;
				INFOPLIST_FILE = StravaZpotTests/Info.plist;
				LD_RUNPATH_SEARCH_PATHS = "$(inherited) @executable_path/Frameworks @loader_path/Frameworks";
				PRODUCT_BUNDLE_IDENTIFIER = com.sweetzpot.StravaZpotTests;
				PRODUCT_NAME = "$(TARGET_NAME)";
				SWIFT_VERSION = 3.0;
			};
			name = Debug;
		};
		11A6A95E1DBE44B4003E5302 /* Release */ = {
			isa = XCBuildConfiguration;
			baseConfigurationReference = 0A4E0119DD969793BE9DE80D /* Pods-StravaZpotTests.release.xcconfig */;
			buildSettings = {
				ALWAYS_EMBED_SWIFT_STANDARD_LIBRARIES = YES;
				DEVELOPMENT_TEAM = L7RXC8SZH2;
				INFOPLIST_FILE = StravaZpotTests/Info.plist;
				LD_RUNPATH_SEARCH_PATHS = "$(inherited) @executable_path/Frameworks @loader_path/Frameworks";
				PRODUCT_BUNDLE_IDENTIFIER = com.sweetzpot.StravaZpotTests;
				PRODUCT_NAME = "$(TARGET_NAME)";
				SWIFT_VERSION = 3.0;
			};
			name = Release;
		};
/* End XCBuildConfiguration section */

/* Begin XCConfigurationList section */
		11A6A93F1DBE44B4003E5302 /* Build configuration list for PBXProject "StravaZpot" */ = {
			isa = XCConfigurationList;
			buildConfigurations = (
				11A6A9571DBE44B4003E5302 /* Debug */,
				11A6A9581DBE44B4003E5302 /* Release */,
			);
			defaultConfigurationIsVisible = 0;
			defaultConfigurationName = Release;
		};
		11A6A9591DBE44B4003E5302 /* Build configuration list for PBXNativeTarget "StravaZpot" */ = {
			isa = XCConfigurationList;
			buildConfigurations = (
				11A6A95A1DBE44B4003E5302 /* Debug */,
				11A6A95B1DBE44B4003E5302 /* Release */,
			);
			defaultConfigurationIsVisible = 0;
			defaultConfigurationName = Release;
		};
		11A6A95C1DBE44B4003E5302 /* Build configuration list for PBXNativeTarget "StravaZpotTests" */ = {
			isa = XCConfigurationList;
			buildConfigurations = (
				11A6A95D1DBE44B4003E5302 /* Debug */,
				11A6A95E1DBE44B4003E5302 /* Release */,
			);
			defaultConfigurationIsVisible = 0;
			defaultConfigurationName = Release;
		};
/* End XCConfigurationList section */
	};
	rootObject = 11A6A93C1DBE44B4003E5302 /* Project object */;
}
